
Microsoft Visual Studio Solution File, Format Version 12.00
# Visual Studio Version 16
VisualStudioVersion = 16.0.32929.386
MinimumVisualStudioVersion = 10.0.40219.1
Project("{FAE04EC0-301F-11D3-BF4B-00C04F79EFBC}") = "TGBot", "TGBot\TGBot.csproj", "{1830CC1F-7FE6-47B6-84F7-655FDB0E4450}"
EndProject
Global
	GlobalSection(SolutionConfigurationPlatforms) = preSolution
		Debug|Any CPU = Debug|Any CPU
		Release|Any CPU = Release|Any CPU
	EndGlobalSection
	GlobalSection(ProjectConfigurationPlatforms) = postSolution
		{1830CC1F-7FE6-47B6-84F7-655FDB0E4450}.Debug|Any CPU.ActiveCfg = Debug|Any CPU
		{1830CC1F-7FE6-47B6-84F7-655FDB0E4450}.Debug|Any CPU.Build.0 = Debug|Any CPU
		{1830CC1F-7FE6-47B6-84F7-655FDB0E4450}.Release|Any CPU.ActiveCfg = Release|Any CPU
		{1830CC1F-7FE6-47B6-84F7-655FDB0E4450}.Release|Any CPU.Build.0 = Release|Any CPU
	EndGlobalSection
	GlobalSection(SolutionProperties) = preSolution
		HideSolutionNode = FALSE
	EndGlobalSection
	GlobalSection(ExtensibilityGlobals) = postSolution
		SolutionGuid = {ECD5F187-748F-4EB9-96B2-03F2FAA5D7F3}
	EndGlobalSection
EndGlobal
